
Microsoft Visual Studio Solution File, Format Version 12.00
# Visual Studio Version 16
VisualStudioVersion = 16.0.30011.22
MinimumVisualStudioVersion = 10.0.40219.1
Project("{8BC9CEB8-8B4A-11D0-8D11-00A0C91BC942}") = "PASKAL", "PASKAL\PASKAL.vcxproj", "{606A4427-A71C-4B1A-8C9E-1A6BA43DA0C8}"
EndProject
Global
	GlobalSection(SolutionConfigurationPlatforms) = preSolution
		Debug|x64 = Debug|x64
		Debug|x86 = Debug|x86
		Release|x64 = Release|x64
		Release|x86 = Release|x86
	EndGlobalSection
	GlobalSection(ProjectConfigurationPlatforms) = postSolution
		{606A4427-A71C-4B1A-8C9E-1A6BA43DA0C8}.Debug|x64.ActiveCfg = Debug|x64
		{606A4427-A71C-4B1A-8C9E-1A6BA43DA0C8}.Debug|x64.Build.0 = Debug|x64
		{606A4427-A71C-4B1A-8C9E-1A6BA43DA0C8}.Debug|x86.ActiveCfg = Debug|Win32
		{606A4427-A71C-4B1A-8C9E-1A6BA43DA0C8}.Debug|x86.Build.0 = Debug|Win32
		{606A4427-A71C-4B1A-8C9E-1A6BA43DA0C8}.Release|x64.ActiveCfg = Release|x64
		{606A4427-A71C-4B1A-8C9E-1A6BA43DA0C8}.Release|x64.Build.0 = Release|x64
		{606A4427-A71C-4B1A-8C9E-1A6BA43DA0C8}.Release|x86.ActiveCfg = Release|Win32
		{606A4427-A71C-4B1A-8C9E-1A6BA43DA0C8}.Release|x86.Build.0 = Release|Win32
	EndGlobalSection
	GlobalSection(SolutionProperties) = preSolution
		HideSolutionNode = FALSE
	EndGlobalSection
	GlobalSection(ExtensibilityGlobals) = postSolution
		SolutionGuid = {ACAB142D-EB1B-4B06-B786-A784D5CD8E08}
	EndGlobalSection
EndGlobal
